
Microsoft Visual Studio Solution File, Format Version 12.00
# Visual Studio Version 16
VisualStudioVersion = 16.0.30717.126
MinimumVisualStudioVersion = 10.0.40219.1
Project("{FAE04EC0-301F-11D3-BF4B-00C04F79EFBC}") = "StackDataStruct", "StackDataStruct\StackDataStruct.csproj", "{715427C5-9114-4F82-B937-267F9253CCAC}"
EndProject
Global
	GlobalSection(SolutionConfigurationPlatforms) = preSolution
		Debug|Any CPU = Debug|Any CPU
		Release|Any CPU = Release|Any CPU
	EndGlobalSection
	GlobalSection(ProjectConfigurationPlatforms) = postSolution
		{715427C5-9114-4F82-B937-267F9253CCAC}.Debug|Any CPU.ActiveCfg = Debug|Any CPU
		{715427C5-9114-4F82-B937-267F9253CCAC}.Debug|Any CPU.Build.0 = Debug|Any CPU
		{715427C5-9114-4F82-B937-267F9253CCAC}.Release|Any CPU.ActiveCfg = Release|Any CPU
		{715427C5-9114-4F82-B937-267F9253CCAC}.Release|Any CPU.Build.0 = Release|Any CPU
	EndGlobalSection
	GlobalSection(SolutionProperties) = preSolution
		HideSolutionNode = FALSE
	EndGlobalSection
	GlobalSection(ExtensibilityGlobals) = postSolution
		SolutionGuid = {AC237AD1-4ED3-40C1-AB5E-5894D2FC0E47}
	EndGlobalSection
EndGlobal
